{
  "name": "BlackJack",
  "lockfileVersion": 2,
  "requires": true,
  "packages": {
    "": {
      "dependencies": {
        "@types/chart.js": "^2.9.37",
        "chart.js": "^3.9.1",
        "chartjs-plugin-datalabels": "^2.1.0",
        "ng2-charts": "^4.0.1"
      }
    },
    "node_modules/@angular/cdk": {
      "version": "14.2.7",
      "resolved": "https://registry.npmjs.org/@angular/cdk/-/cdk-14.2.7.tgz",
      "integrity": "sha512-/tEsYaUbDSnfEmKVvAMramIptmhI67O+9STjOV0i+74XR2NospeK0fkbywIANu1n3w6AHGMotvRWJrjmbCElFg==",
      "peer": true,
      "dependencies": {
        "tslib": "^2.3.0"
      },
      "optionalDependencies": {
        "parse5": "^5.0.0"
      },
      "peerDependencies": {
        "@angular/common": "^14.0.0 || ^15.0.0",
        "@angular/core": "^14.0.0 || ^15.0.0",
        "rxjs": "^6.5.3 || ^7.4.0"
      }
    },
    "node_modules/@angular/common": {
      "version": "14.2.10",
      "resolved": "https://registry.npmjs.org/@angular/common/-/common-14.2.10.tgz",
      "integrity": "sha512-uXtopPVKq1in/wcyMUYNk9uVDJ1ArlZ0wkfZEE1EMFaIZXR4p1fkbH1zMukUK+ldRlyqkuT1btZUq15incsKcg==",
      "peer": true,
      "dependencies": {
        "tslib": "^2.3.0"
      },
      "engines": {
        "node": "^14.15.0 || >=16.10.0"
      },
      "peerDependencies": {
        "@angular/core": "14.2.10",
        "rxjs": "^6.5.3 || ^7.4.0"
      }
    },
    "node_modules/@angular/core": {
      "version": "14.2.10",
      "resolved": "https://registry.npmjs.org/@angular/core/-/core-14.2.10.tgz",
      "integrity": "sha512-3XN+c0+tAtcUc8o7sQ41RLcSFPMt8krCfKFpDUOQwKjm90OOBcoG0LfmRfYBFNAenQh4glQQGOaYvLY98bTFTw==",
      "peer": true,
      "dependencies": {
        "tslib": "^2.3.0"
      },
      "engines": {
        "node": "^14.15.0 || >=16.10.0"
      },
      "peerDependencies": {
        "rxjs": "^6.5.3 || ^7.4.0",
        "zone.js": "~0.11.4 || ~0.12.0"
      }
    },
    "node_modules/@types/chart.js": {
      "version": "2.9.37",
      "resolved": "https://registry.npmjs.org/@types/chart.js/-/chart.js-2.9.37.tgz",
      "integrity": "sha512-9bosRfHhkXxKYfrw94EmyDQcdjMaQPkU1fH2tDxu8DWXxf1mjzWQAV4laJF51ZbC2ycYwNDvIm1rGez8Bug0vg==",
      "dependencies": {
        "moment": "^2.10.2"
      }
    },
    "node_modules/chart.js": {
      "version": "3.9.1",
      "resolved": "https://registry.npmjs.org/chart.js/-/chart.js-3.9.1.tgz",
      "integrity": "sha512-Ro2JbLmvg83gXF5F4sniaQ+lTbSv18E+TIf2cOeiH1Iqd2PGFOtem+DUufMZsCJwFE7ywPOpfXFBwRTGq7dh6w=="
    },
    "node_modules/chartjs-plugin-datalabels": {
      "version": "2.1.0",
      "resolved": "https://registry.npmjs.org/chartjs-plugin-datalabels/-/chartjs-plugin-datalabels-2.1.0.tgz",
      "integrity": "sha512-WA6R4saSlY6mnyX78SkbSo2gGc+cj87lFi5zBrsjjYxE76JgXyxHa1OTodVCzRPoqeYJqSEOffeJ/897kRHR6w==",
      "peerDependencies": {
        "chart.js": "^3.0.0"
      }
    },
    "node_modules/lodash-es": {
      "version": "4.17.21",
      "resolved": "https://registry.npmjs.org/lodash-es/-/lodash-es-4.17.21.tgz",
      "integrity": "sha512-mKnC+QJ9pWVzv+C4/U3rRsHapFfHvQFoFB92e52xeyGMcX6/OlIl78je1u8vePzYZSkkogMPJ2yjxxsb89cxyw=="
    },
    "node_modules/moment": {
      "version": "2.29.4",
      "resolved": "https://registry.npmjs.org/moment/-/moment-2.29.4.tgz",
      "integrity": "sha512-5LC9SOxjSc2HF6vO2CyuTDNivEdoz2IvyJJGj6X8DJ0eFyfszE0QiEd+iXmBvUP3WHxSjFH/vIsA0EN00cgr8w==",
      "engines": {
        "node": "*"
      }
    },
    "node_modules/ng2-charts": {
      "version": "4.0.1",
      "resolved": "https://registry.npmjs.org/ng2-charts/-/ng2-charts-4.0.1.tgz",
      "integrity": "sha512-QYXVZHP/RIRhAw36xeXPL6JZz73fXuHePTyGwBiOfIRGCG7EDYLApnSgEn+Mx+QFKYT1VN9Fsj5b04rrd2nrEw==",
      "dependencies": {
        "lodash-es": "^4.17.15",
        "tslib": "^2.3.0"
      },
      "peerDependencies": {
        "@angular/cdk": ">=14.0.0",
        "@angular/common": ">=14.0.0",
        "@angular/core": ">=14.0.0",
        "chart.js": "^3.4.0",
        "rxjs": "^6.5.3 || ^7.4.0"
      }
    },
    "node_modules/parse5": {
      "version": "5.1.1",
      "resolved": "https://registry.npmjs.org/parse5/-/parse5-5.1.1.tgz",
      "integrity": "sha512-ugq4DFI0Ptb+WWjAdOK16+u/nHfiIrcE+sh8kZMaM0WllQKLI9rOUq6c2b7cwPkXdzfQESqvoqK6ug7U/Yyzug==",
      "optional": true,
      "peer": true
    },
    "node_modules/rxjs": {
      "version": "7.5.7",
      "resolved": "https://registry.npmjs.org/rxjs/-/rxjs-7.5.7.tgz",
      "integrity": "sha512-z9MzKh/UcOqB3i20H6rtrlaE/CgjLOvheWK/9ILrbhROGTweAi1BaFsTT9FbwZi5Trr1qNRs+MXkhmR06awzQA==",
      "peer": true,
      "dependencies": {
        "tslib": "^2.1.0"
      }
    },
    "node_modules/tslib": {
      "version": "2.4.1",
      "resolved": "https://registry.npmjs.org/tslib/-/tslib-2.4.1.tgz",
      "integrity": "sha512-tGyy4dAjRIEwI7BzsB0lynWgOpfqjUdq91XXAlIWD2OwKBH7oCl/GZG/HT4BOHrTlPMOASlMQ7veyTqpmRcrNA=="
    },
    "node_modules/zone.js": {
      "version": "0.12.0",
      "resolved": "https://registry.npmjs.org/zone.js/-/zone.js-0.12.0.tgz",
      "integrity": "sha512-XtC+I5dXU14HrzidAKBNMqneIVUykLEAA1x+v4KVrd6AUPWlwYORF8KgsVqvgdHiKZ4BkxxjvYi/ksEixTPR0Q==",
      "peer": true,
      "dependencies": {
        "tslib": "^2.3.0"
      }
    }
  },
  "dependencies": {
    "@angular/cdk": {
      "version": "14.2.7",
      "resolved": "https://registry.npmjs.org/@angular/cdk/-/cdk-14.2.7.tgz",
      "integrity": "sha512-/tEsYaUbDSnfEmKVvAMramIptmhI67O+9STjOV0i+74XR2NospeK0fkbywIANu1n3w6AHGMotvRWJrjmbCElFg==",
      "peer": true,
      "requires": {
        "parse5": "^5.0.0",
        "tslib": "^2.3.0"
      }
    },
    "@angular/common": {
      "version": "14.2.10",
      "resolved": "https://registry.npmjs.org/@angular/common/-/common-14.2.10.tgz",
      "integrity": "sha512-uXtopPVKq1in/wcyMUYNk9uVDJ1ArlZ0wkfZEE1EMFaIZXR4p1fkbH1zMukUK+ldRlyqkuT1btZUq15incsKcg==",
      "peer": true,
      "requires": {
        "tslib": "^2.3.0"
      }
    },
    "@angular/core": {
      "version": "14.2.10",
      "resolved": "https://registry.npmjs.org/@angular/core/-/core-14.2.10.tgz",
      "integrity": "sha512-3XN+c0+tAtcUc8o7sQ41RLcSFPMt8krCfKFpDUOQwKjm90OOBcoG0LfmRfYBFNAenQh4glQQGOaYvLY98bTFTw==",
      "peer": true,
      "requires": {
        "tslib": "^2.3.0"
      }
    },
    "@types/chart.js": {
      "version": "2.9.37",
      "resolved": "https://registry.npmjs.org/@types/chart.js/-/chart.js-2.9.37.tgz",
      "integrity": "sha512-9bosRfHhkXxKYfrw94EmyDQcdjMaQPkU1fH2tDxu8DWXxf1mjzWQAV4laJF51ZbC2ycYwNDvIm1rGez8Bug0vg==",
      "requires": {
        "moment": "^2.10.2"
      }
    },
    "chart.js": {
      "version": "3.9.1",
      "resolved": "https://registry.npmjs.org/chart.js/-/chart.js-3.9.1.tgz",
      "integrity": "sha512-Ro2JbLmvg83gXF5F4sniaQ+lTbSv18E+TIf2cOeiH1Iqd2PGFOtem+DUufMZsCJwFE7ywPOpfXFBwRTGq7dh6w=="
    },
    "chartjs-plugin-datalabels": {
      "version": "2.1.0",
      "resolved": "https://registry.npmjs.org/chartjs-plugin-datalabels/-/chartjs-plugin-datalabels-2.1.0.tgz",
      "integrity": "sha512-WA6R4saSlY6mnyX78SkbSo2gGc+cj87lFi5zBrsjjYxE76JgXyxHa1OTodVCzRPoqeYJqSEOffeJ/897kRHR6w==",
      "requires": {}
    },
    "lodash-es": {
      "version": "4.17.21",
      "resolved": "https://registry.npmjs.org/lodash-es/-/lodash-es-4.17.21.tgz",
      "integrity": "sha512-mKnC+QJ9pWVzv+C4/U3rRsHapFfHvQFoFB92e52xeyGMcX6/OlIl78je1u8vePzYZSkkogMPJ2yjxxsb89cxyw=="
    },
    "moment": {
      "version": "2.29.4",
      "resolved": "https://registry.npmjs.org/moment/-/moment-2.29.4.tgz",
      "integrity": "sha512-5LC9SOxjSc2HF6vO2CyuTDNivEdoz2IvyJJGj6X8DJ0eFyfszE0QiEd+iXmBvUP3WHxSjFH/vIsA0EN00cgr8w=="
    },
    "ng2-charts": {
      "version": "4.0.1",
      "resolved": "https://registry.npmjs.org/ng2-charts/-/ng2-charts-4.0.1.tgz",
      "integrity": "sha512-QYXVZHP/RIRhAw36xeXPL6JZz73fXuHePTyGwBiOfIRGCG7EDYLApnSgEn+Mx+QFKYT1VN9Fsj5b04rrd2nrEw==",
      "requires": {
        "lodash-es": "^4.17.15",
        "tslib": "^2.3.0"
      }
    },
    "parse5": {
      "version": "5.1.1",
      "resolved": "https://registry.npmjs.org/parse5/-/parse5-5.1.1.tgz",
      "integrity": "sha512-ugq4DFI0Ptb+WWjAdOK16+u/nHfiIrcE+sh8kZMaM0WllQKLI9rOUq6c2b7cwPkXdzfQESqvoqK6ug7U/Yyzug==",
      "optional": true,
      "peer": true
    },
    "rxjs": {
      "version": "7.5.7",
      "resolved": "https://registry.npmjs.org/rxjs/-/rxjs-7.5.7.tgz",
      "integrity": "sha512-z9MzKh/UcOqB3i20H6rtrlaE/CgjLOvheWK/9ILrbhROGTweAi1BaFsTT9FbwZi5Trr1qNRs+MXkhmR06awzQA==",
      "peer": true,
      "requires": {
        "tslib": "^2.1.0"
      }
    },
    "tslib": {
      "version": "2.4.1",
      "resolved": "https://registry.npmjs.org/tslib/-/tslib-2.4.1.tgz",
      "integrity": "sha512-tGyy4dAjRIEwI7BzsB0lynWgOpfqjUdq91XXAlIWD2OwKBH7oCl/GZG/HT4BOHrTlPMOASlMQ7veyTqpmRcrNA=="
    },
    "zone.js": {
      "version": "0.12.0",
      "resolved": "https://registry.npmjs.org/zone.js/-/zone.js-0.12.0.tgz",
      "integrity": "sha512-XtC+I5dXU14HrzidAKBNMqneIVUykLEAA1x+v4KVrd6AUPWlwYORF8KgsVqvgdHiKZ4BkxxjvYi/ksEixTPR0Q==",
      "peer": true,
      "requires": {
        "tslib": "^2.3.0"
      }
    }
  }
}
